// !$*UTF8*$!
{
	archiveVersion = 1;
	classes = {
	};
	objectVersion = 46;
	objects = {

/* Begin PBXBuildFile section */
		6A6311021FBD415D001C5799 /* example1.cpp in Sources */ = {isa = PBXBuildFile; fileRef = 6A6310F91FBD415D001C5799 /* example1.cpp */; };
		6A6311031FBD415D001C5799 /* InitShader.cpp in Sources */ = {isa = PBXBuildFile; fileRef = 6A6310FB1FBD415D001C5799 /* InitShader.cpp */; };
		6A6311041FBD415D001C5799 /* loadBMP.cpp in Sources */ = {isa = PBXBuildFile; fileRef = 6A6310FC1FBD415D001C5799 /* loadBMP.cpp */; };
		6A6311051FBD415D001C5799 /* simplemodels.cpp in Sources */ = {isa = PBXBuildFile; fileRef = 6A6310FE1FBD415D001C5799 /* simplemodels.cpp */; };
		6A6311081FBD418B001C5799 /* OpenGL.framework in Frameworks */ = {isa = PBXBuildFile; fileRef = 6A6311071FBD418B001C5799 /* OpenGL.framework */; };
		6A63110A1FBD418F001C5799 /* GLUT.framework in Frameworks */ = {isa = PBXBuildFile; fileRef = 6A6311091FBD418F001C5799 /* GLUT.framework */; };
/* End PBXBuildFile section */

/* Begin PBXCopyFilesBuildPhase section */
		6A6310EB1FBD40DF001C5799 /* CopyFiles */ = {
			isa = PBXCopyFilesBuildPhase;
			buildActionMask = 2147483647;
			dstPath = /usr/share/man/man1/;
			dstSubfolderSpec = 0;
			files = (
			);
			runOnlyForDeploymentPostprocessing = 1;
		};
/* End PBXCopyFilesBuildPhase section */

/* Begin PBXFileReference section */
		6A6310ED1FBD40DF001C5799 /* Project */ = {isa = PBXFileReference; explicitFileType = "compiled.mach-o.executable"; includeInIndex = 0; path = Project; sourceTree = BUILT_PRODUCTS_DIR; };
		6A6310F71FBD415D001C5799 /* Angel.h */ = {isa = PBXFileReference; fileEncoding = 4; lastKnownFileType = sourcecode.c.h; path = Angel.h; sourceTree = "<group>"; };
		6A6310F81FBD415D001C5799 /* CheckError.h */ = {isa = PBXFileReference; fileEncoding = 4; lastKnownFileType = sourcecode.c.h; path = CheckError.h; sourceTree = "<group>"; };
		6A6310F91FBD415D001C5799 /* example1.cpp */ = {isa = PBXFileReference; fileEncoding = 4; lastKnownFileType = sourcecode.cpp.cpp; path = example1.cpp; sourceTree = "<group>"; };
		6A6310FA1FBD415D001C5799 /* fshader21.glsl */ = {isa = PBXFileReference; fileEncoding = 4; lastKnownFileType = text; path = fshader21.glsl; sourceTree = "<group>"; };
		6A6310FB1FBD415D001C5799 /* InitShader.cpp */ = {isa = PBXFileReference; fileEncoding = 4; lastKnownFileType = sourcecode.cpp.cpp; path = InitShader.cpp; sourceTree = "<group>"; };
		6A6310FC1FBD415D001C5799 /* loadBMP.cpp */ = {isa = PBXFileReference; fileEncoding = 4; lastKnownFileType = sourcecode.cpp.cpp; path = loadBMP.cpp; sourceTree = "<group>"; };
		6A6310FD1FBD415D001C5799 /* mat.h */ = {isa = PBXFileReference; fileEncoding = 4; lastKnownFileType = sourcecode.c.h; path = mat.h; sourceTree = "<group>"; };
		6A6310FE1FBD415D001C5799 /* simplemodels.cpp */ = {isa = PBXFileReference; fileEncoding = 4; lastKnownFileType = sourcecode.cpp.cpp; path = simplemodels.cpp; sourceTree = "<group>"; };
		6A6310FF1FBD415D001C5799 /* simplemodels.h */ = {isa = PBXFileReference; fileEncoding = 4; lastKnownFileType = sourcecode.c.h; path = simplemodels.h; sourceTree = "<group>"; };
		6A6311001FBD415D001C5799 /* vec.h */ = {isa = PBXFileReference; fileEncoding = 4; lastKnownFileType = sourcecode.c.h; path = vec.h; sourceTree = "<group>"; };
		6A6311011FBD415D001C5799 /* vshader21.glsl */ = {isa = PBXFileReference; fileEncoding = 4; lastKnownFileType = text; path = vshader21.glsl; sourceTree = "<group>"; };
		6A6311071FBD418B001C5799 /* OpenGL.framework */ = {isa = PBXFileReference; lastKnownFileType = wrapper.framework; name = OpenGL.framework; path = System/Library/Frameworks/OpenGL.framework; sourceTree = SDKROOT; };
		6A6311091FBD418F001C5799 /* GLUT.framework */ = {isa = PBXFileReference; lastKnownFileType = wrapper.framework; name = GLUT.framework; path = System/Library/Frameworks/GLUT.framework; sourceTree = SDKROOT; };
/* End PBXFileReference section */

/* Begin PBXFrameworksBuildPhase section */
		6A6310EA1FBD40DF001C5799 /* Frameworks */ = {
			isa = PBXFrameworksBuildPhase;
			buildActionMask = 2147483647;
			files = (
				6A63110A1FBD418F001C5799 /* GLUT.framework in Frameworks */,
				6A6311081FBD418B001C5799 /* OpenGL.framework in Frameworks */,
			);
			runOnlyForDeploymentPostprocessing = 0;
		};
/* End PBXFrameworksBuildPhase section */

/* Begin PBXGroup section */
		6A6310E41FBD40DF001C5799 = {
			isa = PBXGroup;
			children = (
				6A6310EF1FBD40DF001C5799 /* Project */,
				6A6310EE1FBD40DF001C5799 /* Products */,
				6A6311061FBD418B001C5799 /* Frameworks */,
			);
			sourceTree = "<group>";
		};
		6A6310EE1FBD40DF001C5799 /* Products */ = {
			isa = PBXGroup;
			children = (
				6A6310ED1FBD40DF001C5799 /* Project */,
			);
			name = Products;
			sourceTree = "<group>";
		};
		6A6310EF1FBD40DF001C5799 /* Project */ = {
			isa = PBXGroup;
			children = (
				6A6310F71FBD415D001C5799 /* Angel.h */,
				6A6310F81FBD415D001C5799 /* CheckError.h */,
				6A6310F91FBD415D001C5799 /* example1.cpp */,
				6A6310FA1FBD415D001C5799 /* fshader21.glsl */,
				6A6310FB1FBD415D001C5799 /* InitShader.cpp */,
				6A6310FC1FBD415D001C5799 /* loadBMP.cpp */,
				6A6310FD1FBD415D001C5799 /* mat.h */,
				6A6310FE1FBD415D001C5799 /* simplemodels.cpp */,
				6A6310FF1FBD415D001C5799 /* simplemodels.h */,
				6A6311001FBD415D001C5799 /* vec.h */,
				6A6311011FBD415D001C5799 /* vshader21.glsl */,
			);
			path = Project;
			sourceTree = "<group>";
		};
		6A6311061FBD418B001C5799 /* Frameworks */ = {
			isa = PBXGroup;
			children = (
				6A6311091FBD418F001C5799 /* GLUT.framework */,
				6A6311071FBD418B001C5799 /* OpenGL.framework */,
			);
			name = Frameworks;
			sourceTree = "<group>";
		};
/* End PBXGroup section */

/* Begin PBXNativeTarget section */
		6A6310EC1FBD40DF001C5799 /* Project */ = {
			isa = PBXNativeTarget;
			buildConfigurationList = 6A6310F41FBD40DF001C5799 /* Build configuration list for PBXNativeTarget "Project" */;
			buildPhases = (
				6A6310E91FBD40DF001C5799 /* Sources */,
				6A6310EA1FBD40DF001C5799 /* Frameworks */,
				6A6310EB1FBD40DF001C5799 /* CopyFiles */,
			);
			buildRules = (
			);
			dependencies = (
			);
			name = Project;
			productName = Project;
			productReference = 6A6310ED1FBD40DF001C5799 /* Project */;
			productType = "com.apple.product-type.tool";
		};
/* End PBXNativeTarget section */

/* Begin PBXProject section */
		6A6310E51FBD40DF001C5799 /* Project object */ = {
			isa = PBXProject;
			attributes = {
				LastUpgradeCheck = 0820;
				ORGANIZATIONNAME = a;
				TargetAttributes = {
					6A6310EC1FBD40DF001C5799 = {
						CreatedOnToolsVersion = 8.2.1;
						ProvisioningStyle = Automatic;
					};
				};
			};
			buildConfigurationList = 6A6310E81FBD40DF001C5799 /* Build configuration list for PBXProject "Project" */;
			compatibilityVersion = "Xcode 3.2";
			developmentRegion = English;
			hasScannedForEncodings = 0;
			knownRegions = (
				en,
			);
			mainGroup = 6A6310E41FBD40DF001C5799;
			productRefGroup = 6A6310EE1FBD40DF001C5799 /* Products */;
			projectDirPath = "";
			projectRoot = "";
			targets = (
				6A6310EC1FBD40DF001C5799 /* Project */,
			);
		};
/* End PBXProject section */

/* Begin PBXSourcesBuildPhase section */
		6A6310E91FBD40DF001C5799 /* Sources */ = {
			isa = PBXSourcesBuildPhase;
			buildActionMask = 2147483647;
			files = (
				6A6311031FBD415D001C5799 /* InitShader.cpp in Sources */,
				6A6311041FBD415D001C5799 /* loadBMP.cpp in Sources */,
				6A6311021FBD415D001C5799 /* example1.cpp in Sources */,
				6A6311051FBD415D001C5799 /* simplemodels.cpp in Sources */,
			);
			runOnlyForDeploymentPostprocessing = 0;
		};
/* End PBXSourcesBuildPhase section */

/* Begin XCBuildConfiguration section */
		6A6310F21FBD40DF001C5799 /* Debug */ = {
			isa = XCBuildConfiguration;
			buildSettings = {
				ALWAYS_SEARCH_USER_PATHS = NO;
				CLANG_ANALYZER_NONNULL = YES;
				CLANG_CXX_LANGUAGE_STANDARD = "gnu++0x";
				CLANG_CXX_LIBRARY = "libc++";
				CLANG_ENABLE_MODULES = YES;
				CLANG_ENABLE_OBJC_ARC = YES;
				CLANG_WARN_BOOL_CONVERSION = YES;
				CLANG_WARN_CONSTANT_CONVERSION = YES;
				CLANG_WARN_DIRECT_OBJC_ISA_USAGE = YES_ERROR;
				CLANG_WARN_DOCUMENTATION_COMMENTS = YES;
				CLANG_WARN_EMPTY_BODY = YES;
				CLANG_WARN_ENUM_CONVERSION = YES;
				CLANG_WARN_INFINITE_RECURSION = YES;
				CLANG_WARN_INT_CONVERSION = YES;
				CLANG_WARN_OBJC_ROOT_CLASS = YES_ERROR;
				CLANG_WARN_SUSPICIOUS_MOVE = YES;
				CLANG_WARN_UNREACHABLE_CODE = YES;
				CLANG_WARN__DUPLICATE_METHOD_MATCH = YES;
				CODE_SIGN_IDENTITY = "-";
				COPY_PHASE_STRIP = NO;
				DEBUG_INFORMATION_FORMAT = dwarf;
				ENABLE_STRICT_OBJC_MSGSEND = YES;
				ENABLE_TESTABILITY = YES;
				GCC_C_LANGUAGE_STANDARD = gnu99;
				GCC_DYNAMIC_NO_PIC = NO;
				GCC_NO_COMMON_BLOCKS = YES;
				GCC_OPTIMIZATION_LEVEL = 0;
				GCC_PREPROCESSOR_DEFINITIONS = "";
				GCC_WARN_64_TO_32_BIT_CONVERSION = YES;
				GCC_WARN_ABOUT_RETURN_TYPE = YES_ERROR;
				GCC_WARN_UNDECLARED_SELECTOR = YES;
				GCC_WARN_UNINITIALIZED_AUTOS = YES_AGGRESSIVE;
				GCC_WARN_UNUSED_FUNCTION = YES;
				GCC_WARN_UNUSED_VARIABLE = YES;
				MACOSX_DEPLOYMENT_TARGET = 10.12;
				MTL_ENABLE_DEBUG_INFO = YES;
				ONLY_ACTIVE_ARCH = YES;
				SDKROOT = macosx;
			};
			name = Debug;
		};
		6A6310F31FBD40DF001C5799 /* Release */ = {
			isa = XCBuildConfiguration;
			buildSettings = {
				ALWAYS_SEARCH_USER_PATHS = NO;
				CLANG_ANALYZER_NONNULL = YES;
				CLANG_CXX_LANGUAGE_STANDARD = "gnu++0x";
				CLANG_CXX_LIBRARY = "libc++";
				CLANG_ENABLE_MODULES = YES;
				CLANG_ENABLE_OBJC_ARC = YES;
				CLANG_WARN_BOOL_CONVERSION = YES;
				CLANG_WARN_CONSTANT_CONVERSION = YES;
				CLANG_WARN_DIRECT_OBJC_ISA_USAGE = YES_ERROR;
				CLANG_WARN_DOCUMENTATION_COMMENTS = YES;
				CLANG_WARN_EMPTY_BODY = YES;
				CLANG_WARN_ENUM_CONVERSION = YES;
				CLANG_WARN_INFINITE_RECURSION = YES;
				CLANG_WARN_INT_CONVERSION = YES;
				CLANG_WARN_OBJC_ROOT_CLASS = YES_ERROR;
				CLANG_WARN_SUSPICIOUS_MOVE = YES;
				CLANG_WARN_UNREACHABLE_CODE = YES;
				CLANG_WARN__DUPLICATE_METHOD_MATCH = YES;
				CODE_SIGN_IDENTITY = "-";
				COPY_PHASE_STRIP = NO;
				DEBUG_INFORMATION_FORMAT = "dwarf-with-dsym";
				ENABLE_NS_ASSERTIONS = NO;
				ENABLE_STRICT_OBJC_MSGSEND = YES;
				GCC_C_LANGUAGE_STANDARD = gnu99;
				GCC_NO_COMMON_BLOCKS = YES;
				GCC_WARN_64_TO_32_BIT_CONVERSION = YES;
				GCC_WARN_ABOUT_RETURN_TYPE = YES_ERROR;
				GCC_WARN_UNDECLARED_SELECTOR = YES;
				GCC_WARN_UNINITIALIZED_AUTOS = YES_AGGRESSIVE;
				GCC_WARN_UNUSED_FUNCTION = YES;
				GCC_WARN_UNUSED_VARIABLE = YES;
				MACOSX_DEPLOYMENT_TARGET = 10.12;
				MTL_ENABLE_DEBUG_INFO = NO;
				SDKROOT = macosx;
			};
			name = Release;
		};
		6A6310F51FBD40DF001C5799 /* Debug */ = {
			isa = XCBuildConfiguration;
			buildSettings = {
				GCC_PREPROCESSOR_DEFINITIONS = "";
				PRODUCT_NAME = "$(TARGET_NAME)";
			};
			name = Debug;
		};
		6A6310F61FBD40DF001C5799 /* Release */ = {
			isa = XCBuildConfiguration;
			buildSettings = {
				PRODUCT_NAME = "$(TARGET_NAME)";
			};
			name = Release;
		};
/* End XCBuildConfiguration section */

/* Begin XCConfigurationList section */
		6A6310E81FBD40DF001C5799 /* Build configuration list for PBXProject "Project" */ = {
			isa = XCConfigurationList;
			buildConfigurations = (
				6A6310F21FBD40DF001C5799 /* Debug */,
				6A6310F31FBD40DF001C5799 /* Release */,
			);
			defaultConfigurationIsVisible = 0;
			defaultConfigurationName = Release;
		};
		6A6310F41FBD40DF001C5799 /* Build configuration list for PBXNativeTarget "Project" */ = {
			isa = XCConfigurationList;
			buildConfigurations = (
				6A6310F51FBD40DF001C5799 /* Debug */,
				6A6310F61FBD40DF001C5799 /* Release */,
			);
			defaultConfigurationIsVisible = 0;
		};
/* End XCConfigurationList section */
	};
	rootObject = 6A6310E51FBD40DF001C5799 /* Project object */;
}
